<?xml version="1.0" encoding="utf-8"?>
<Project ToolsVersion="4.0" xmlns="http://schemas.microsoft.com/developer/msbuild/2003">
  <ItemGroup>
    <Filter Include="ソース ファイル">
      <UniqueIdentifier>{4FC737F1-C7A5-4376-A066-2A32D752A2FF}</UniqueIdentifier>
      <Extensions>cpp;c;cc;cxx;def;odl;idl;hpj;bat;asm;asmx</Extensions>
    </Filter>
    <Filter Include="リソース ファイル">
      <UniqueIdentifier>{67DA6AB6-F800-4c08-8B7A-83BB121AAD01}</UniqueIdentifier>
      <Extensions>rc;ico;cur;bmp;dlg;rc2;rct;bin;rgs;gif;jpg;jpeg;jpe;resx;tiff;tif;png;wav;mfcribbon-ms</Extensions>
    </Filter>
    <Filter Include="ソース ファイル\Scene">
      <UniqueIdentifier>{67d259b4-eb14-48b5-99fd-6998f724c1ee}</UniqueIdentifier>
    </Filter>
    <Filter Include="ソース ファイル\Main">
      <UniqueIdentifier>{9c06dd6c-55f7-4126-a16f-874d94240414}</UniqueIdentifier>
    </Filter>
    <Filter Include="ソース ファイル\ヘッダー ファイル">
      <UniqueIdentifier>{93995380-89BD-4b04-88EB-625FBE52EBFB}</UniqueIdentifier>
      <Extensions>h;hpp;hxx;hm;inl;inc;xsd</Extensions>
    </Filter>
    <Filter Include="ソース ファイル\ヘッダー ファイル\Scene">
      <UniqueIdentifier>{5c82d981-33b5-41b2-b529-d826560aa287}</UniqueIdentifier>
    </Filter>
    <Filter Include="ソース ファイル\ヘッダー ファイル\Main">
      <UniqueIdentifier>{06ea819c-0061-432d-9cef-dd1bac8eee78}</UniqueIdentifier>
    </Filter>
    <Filter Include="ソース ファイル\Chara">
      <UniqueIdentifier>{57269543-fb4e-41a9-a617-fe22efa7e9ee}</UniqueIdentifier>
    </Filter>
    <Filter Include="ソース ファイル\ヘッダー ファイル\Chara">
      <UniqueIdentifier>{bb80723e-39ad-4f68-a818-14d626a026a0}</UniqueIdentifier>
    </Filter>
    <Filter Include="ソース ファイル\Obstacle">
      <UniqueIdentifier>{54e43f30-5c5f-40d9-a32b-8b43f290da61}</UniqueIdentifier>
    </Filter>
    <Filter Include="ソース ファイル\ヘッダー ファイル\Obstacle">
      <UniqueIdentifier>{019bee02-1f11-4472-b9d4-5c95a510de23}</UniqueIdentifier>
    </Filter>
    <Filter Include="ソース ファイル\ヘッダー ファイル\Stage">
      <UniqueIdentifier>{9c622120-4ee3-4e41-875e-fc0eb2ae50b9}</UniqueIdentifier>
    </Filter>
  </ItemGroup>
  <ItemGroup>
    <ClCompile Include="SceneTitle.cpp">
      <Filter>ソース ファイル\Scene</Filter>
    </ClCompile>
    <ClCompile Include="GameApp.cpp">
      <Filter>ソース ファイル\Main</Filter>
    </ClCompile>
    <ClCompile Include="WinMain.cpp">
      <Filter>ソース ファイル\Main</Filter>
    </ClCompile>
    <ClCompile Include="SceneGame.cpp">
      <Filter>ソース ファイル\Scene</Filter>
    </ClCompile>
    <ClCompile Include="SceneGameMenu.cpp">
      <Filter>ソース ファイル\Scene</Filter>
    </ClCompile>
    <ClCompile Include="SceneConfig.cpp">
      <Filter>ソース ファイル\Scene</Filter>
    </ClCompile>
    <ClCompile Include="SceneStressCollection.cpp">
      <Filter>ソース ファイル\Scene</Filter>
    </ClCompile>
    <ClCompile Include="SceneTrophyCollection.cpp">
      <Filter>ソース ファイル\Scene</Filter>
    </ClCompile>
    <ClCompile Include="Player.cpp">
      <Filter>ソース ファイル\Chara</Filter>
    </ClCompile>
    <ClCompile Include="Enemy.cpp">
      <Filter>ソース ファイル\Obstacle</Filter>
    </ClCompile>
    <ClCompile Include="Stage.cpp">
      <Filter>ソース ファイル\Obstacle</Filter>
    </ClCompile>
  </ItemGroup>
  <ItemGroup>
    <ClInclude Include="resource.h">
      <Filter>ソース ファイル\ヘッダー ファイル</Filter>
    </ClInclude>
    <ClInclude Include="SceneBase.h">
      <Filter>ソース ファイル\ヘッダー ファイル\Scene</Filter>
    </ClInclude>
    <ClInclude Include="SceneTitle.h">
      <Filter>ソース ファイル\ヘッダー ファイル\Scene</Filter>
    </ClInclude>
    <ClInclude Include="GameApp.h">
      <Filter>ソース ファイル\ヘッダー ファイル\Main</Filter>
    </ClInclude>
    <ClInclude Include="SceneGame.h">
      <Filter>ソース ファイル\ヘッダー ファイル\Scene</Filter>
    </ClInclude>
    <ClInclude Include="SceneGameMenu.h">
      <Filter>ソース ファイル\ヘッダー ファイル\Scene</Filter>
    </ClInclude>
    <ClInclude Include="SceneConfig.h">
      <Filter>ソース ファイル\ヘッダー ファイル\Scene</Filter>
    </ClInclude>
    <ClInclude Include="SceneStressCollection.h">
      <Filter>ソース ファイル\ヘッダー ファイル\Scene</Filter>
    </ClInclude>
    <ClInclude Include="SceneTrophyCollection.h">
      <Filter>ソース ファイル\ヘッダー ファイル\Scene</Filter>
    </ClInclude>
    <ClInclude Include="Player.h">
      <Filter>ソース ファイル\ヘッダー ファイル\Chara</Filter>
    </ClInclude>
    <ClInclude Include="Enemy.h">
      <Filter>ソース ファイル\ヘッダー ファイル\Obstacle</Filter>
    </ClInclude>
    <ClInclude Include="Stage.h">
      <Filter>ソース ファイル\ヘッダー ファイル\Stage</Filter>
    </ClInclude>
    <ClInclude Include="Stage1.h">
      <Filter>ソース ファイル\ヘッダー ファイル\Stage</Filter>
    </ClInclude>
  </ItemGroup>
  <ItemGroup>
    <ResourceCompile Include="Version.rc">
      <Filter>リソース ファイル</Filter>
    </ResourceCompile>
  </ItemGroup>
  <ItemGroup>
    <Image Include="icon1.ico">
      <Filter>リソース ファイル</Filter>
    </Image>
  </ItemGroup>
</Project>