<?xml version="1.0" encoding="utf-8"?>
<Project ToolsVersion="4.0" xmlns="http://schemas.microsoft.com/developer/msbuild/2003">
  <ItemGroup>
    <Filter Include="ソース ファイル">
      <UniqueIdentifier>{4FC737F1-C7A5-4376-A066-2A32D752A2FF}</UniqueIdentifier>
      <Extensions>cpp;c;cc;cxx;def;odl;idl;hpj;bat;asm;asmx</Extensions>
    </Filter>
    <Filter Include="リソース ファイル">
      <UniqueIdentifier>{67DA6AB6-F800-4c08-8B7A-83BB121AAD01}</UniqueIdentifier>
      <Extensions>rc;ico;cur;bmp;dlg;rc2;rct;bin;rgs;gif;jpg;jpeg;jpe;resx;tiff;tif;png;wav;mfcribbon-ms</Extensions>
    </Filter>
    <Filter Include="ソース ファイル\Scene">
      <UniqueIdentifier>{67d259b4-eb14-48b5-99fd-6998f724c1ee}</UniqueIdentifier>
    </Filter>
    <Filter Include="ソース ファイル\Main">
      <UniqueIdentifier>{9c06dd6c-55f7-4126-a16f-874d94240414}</UniqueIdentifier>
    </Filter>
    <Filter Include="ソース ファイル\ヘッダー ファイル">
      <UniqueIdentifier>{93995380-89BD-4b04-88EB-625FBE52EBFB}</UniqueIdentifier>
      <Extensions>h;hpp;hxx;hm;inl;inc;xsd</Extensions>
    </Filter>
    <Filter Include="ソース ファイル\ヘッダー ファイル\Scene">
      <UniqueIdentifier>{5c82d981-33b5-41b2-b529-d826560aa287}</UniqueIdentifier>
    </Filter>
    <Filter Include="ソース ファイル\ヘッダー ファイル\Main">
      <UniqueIdentifier>{06ea819c-0061-432d-9cef-dd1bac8eee78}</UniqueIdentifier>
    </Filter>
    <Filter Include="ソース ファイル\Chara">
      <UniqueIdentifier>{57269543-fb4e-41a9-a617-fe22efa7e9ee}</UniqueIdentifier>
    </Filter>
    <Filter Include="ソース ファイル\ヘッダー ファイル\Chara">
      <UniqueIdentifier>{bb80723e-39ad-4f68-a818-14d626a026a0}</UniqueIdentifier>
    </Filter>
    <Filter Include="ソース ファイル\Obstacle">
      <UniqueIdentifier>{54e43f30-5c5f-40d9-a32b-8b43f290da61}</UniqueIdentifier>
    </Filter>
    <Filter Include="ソース ファイル\ヘッダー ファイル\Obstacle">
      <UniqueIdentifier>{019bee02-1f11-4472-b9d4-5c95a510de23}</UniqueIdentifier>
    </Filter>
    <Filter Include="ソース ファイル\ヘッダー ファイル\Stage">
      <UniqueIdentifier>{9c622120-4ee3-4e41-875e-fc0eb2ae50b9}</UniqueIdentifier>
    </Filter>
    <Filter Include="ソース ファイル\Utilitys">
      <UniqueIdentifier>{836f2071-76e4-40ab-9354-71547ddc8ee3}</UniqueIdentifier>
    </Filter>
    <Filter Include="ソース ファイル\ヘッダー ファイル\Utilitys">
      <UniqueIdentifier>{c08d5821-886a-4983-b74e-13d6cc19e9f7}</UniqueIdentifier>
    </Filter>
    <Filter Include="ソース ファイル\Stage">
      <UniqueIdentifier>{1dbae22c-a064-4a30-ab0a-9579e420868b}</UniqueIdentifier>
    </Filter>
    <Filter Include="ソース ファイル\PopUpWindow">
      <UniqueIdentifier>{9f6d1a96-f865-4b2a-913e-b574072c70b9}</UniqueIdentifier>
    </Filter>
    <Filter Include="ソース ファイル\ヘッダー ファイル\PopUpWindow">
      <UniqueIdentifier>{e9ff58cc-cc4d-4314-89d8-f28768ddea0f}</UniqueIdentifier>
    </Filter>
    <Filter Include="ソース ファイル\Manager">
      <UniqueIdentifier>{0e53553d-b53e-4b06-99ca-a74919fe1e35}</UniqueIdentifier>
    </Filter>
    <Filter Include="ソース ファイル\ヘッダー ファイル\Manager">
      <UniqueIdentifier>{591cbf9b-6186-4ea2-a916-15a465d3487f}</UniqueIdentifier>
    </Filter>
    <Filter Include="ソース ファイル\Obstacle\Food">
      <UniqueIdentifier>{792c4f9f-3681-4654-b73a-bca169e88b9f}</UniqueIdentifier>
    </Filter>
    <Filter Include="ソース ファイル\ヘッダー ファイル\Obstacle\Food">
      <UniqueIdentifier>{bb1166fc-9947-40cf-ae22-9ed96ed1e05d}</UniqueIdentifier>
    </Filter>
    <Filter Include="ソース ファイル\ヘッダー ファイル\UI">
      <UniqueIdentifier>{2a551b03-d370-4ab6-a04a-a9e63ee3e216}</UniqueIdentifier>
    </Filter>
    <Filter Include="ソース ファイル\UI">
      <UniqueIdentifier>{f16ae9ac-ff13-4586-8ad2-e745be4d704f}</UniqueIdentifier>
    </Filter>
  </ItemGroup>
  <ItemGroup>
    <ClCompile Include="SceneTitle.cpp">
      <Filter>ソース ファイル\Scene</Filter>
    </ClCompile>
    <ClCompile Include="GameApp.cpp">
      <Filter>ソース ファイル\Main</Filter>
    </ClCompile>
    <ClCompile Include="WinMain.cpp">
      <Filter>ソース ファイル\Main</Filter>
    </ClCompile>
    <ClCompile Include="SceneGame.cpp">
      <Filter>ソース ファイル\Scene</Filter>
    </ClCompile>
    <ClCompile Include="SceneGameMenu.cpp">
      <Filter>ソース ファイル\Scene</Filter>
    </ClCompile>
    <ClCompile Include="SceneConfig.cpp">
      <Filter>ソース ファイル\Scene</Filter>
    </ClCompile>
    <ClCompile Include="SceneStressCollection.cpp">
      <Filter>ソース ファイル\Scene</Filter>
    </ClCompile>
    <ClCompile Include="SceneTrophyCollection.cpp">
      <Filter>ソース ファイル\Scene</Filter>
    </ClCompile>
    <ClCompile Include="Player.cpp">
      <Filter>ソース ファイル\Chara</Filter>
    </ClCompile>
    <ClCompile Include="Enemy.cpp">
      <Filter>ソース ファイル\Obstacle</Filter>
    </ClCompile>
    <ClCompile Include="Timer.cpp">
      <Filter>ソース ファイル\Utilitys</Filter>
    </ClCompile>
    <ClCompile Include="Stage.cpp">
      <Filter>ソース ファイル\Stage</Filter>
    </ClCompile>
    <ClCompile Include="GameQuitWindow.cpp">
      <Filter>ソース ファイル\PopUpWindow</Filter>
    </ClCompile>
    <ClCompile Include="ObstacleManager.cpp">
      <Filter>ソース ファイル\Manager</Filter>
    </ClCompile>
    <ClCompile Include="PoseWindow.cpp">
      <Filter>ソース ファイル\PopUpWindow</Filter>
    </ClCompile>
    <ClCompile Include="RetryWindow.cpp">
      <Filter>ソース ファイル\PopUpWindow</Filter>
    </ClCompile>
    <ClCompile Include="BacktoTitleWindow.cpp">
      <Filter>ソース ファイル\PopUpWindow</Filter>
    </ClCompile>
    <ClCompile Include="CauseOfDeathWindow.cpp">
      <Filter>ソース ファイル\PopUpWindow</Filter>
    </ClCompile>
    <ClCompile Include="TrophyWindow.cpp">
      <Filter>ソース ファイル\PopUpWindow</Filter>
    </ClCompile>
    <ClCompile Include="ResultWindow.cpp">
      <Filter>ソース ファイル\PopUpWindow</Filter>
    </ClCompile>
    <ClCompile Include="ContinueWindow.cpp">
      <Filter>ソース ファイル\PopUpWindow</Filter>
    </ClCompile>
    <ClCompile Include="CheckCauseOfDeathWindow.cpp">
      <Filter>ソース ファイル\PopUpWindow</Filter>
    </ClCompile>
    <ClCompile Include="SceneBase.cpp">
      <Filter>ソース ファイル\Scene</Filter>
    </ClCompile>
    <ClCompile Include="FoodCrab.cpp">
      <Filter>ソース ファイル\Obstacle\Food</Filter>
    </ClCompile>
    <ClCompile Include="FoodFish.cpp">
      <Filter>ソース ファイル\Obstacle\Food</Filter>
    </ClCompile>
    <ClCompile Include="FoodShrimp.cpp">
      <Filter>ソース ファイル\Obstacle\Food</Filter>
    </ClCompile>
    <ClCompile Include="Bubble.cpp">
      <Filter>ソース ファイル\Obstacle</Filter>
    </ClCompile>
    <ClCompile Include="Garbage.cpp">
      <Filter>ソース ファイル\Obstacle</Filter>
    </ClCompile>
    <ClCompile Include="Turtle.cpp">
      <Filter>ソース ファイル\Obstacle</Filter>
    </ClCompile>
    <ClCompile Include="Ui.cpp">
      <Filter>ソース ファイル\UI</Filter>
    </ClCompile>
  </ItemGroup>
  <ItemGroup>
    <ClInclude Include="resource.h">
      <Filter>ソース ファイル\ヘッダー ファイル</Filter>
    </ClInclude>
    <ClInclude Include="SceneBase.h">
      <Filter>ソース ファイル\ヘッダー ファイル\Scene</Filter>
    </ClInclude>
    <ClInclude Include="SceneTitle.h">
      <Filter>ソース ファイル\ヘッダー ファイル\Scene</Filter>
    </ClInclude>
    <ClInclude Include="GameApp.h">
      <Filter>ソース ファイル\ヘッダー ファイル\Main</Filter>
    </ClInclude>
    <ClInclude Include="SceneGame.h">
      <Filter>ソース ファイル\ヘッダー ファイル\Scene</Filter>
    </ClInclude>
    <ClInclude Include="SceneGameMenu.h">
      <Filter>ソース ファイル\ヘッダー ファイル\Scene</Filter>
    </ClInclude>
    <ClInclude Include="SceneConfig.h">
      <Filter>ソース ファイル\ヘッダー ファイル\Scene</Filter>
    </ClInclude>
    <ClInclude Include="SceneStressCollection.h">
      <Filter>ソース ファイル\ヘッダー ファイル\Scene</Filter>
    </ClInclude>
    <ClInclude Include="SceneTrophyCollection.h">
      <Filter>ソース ファイル\ヘッダー ファイル\Scene</Filter>
    </ClInclude>
    <ClInclude Include="Player.h">
      <Filter>ソース ファイル\ヘッダー ファイル\Chara</Filter>
    </ClInclude>
    <ClInclude Include="Enemy.h">
      <Filter>ソース ファイル\ヘッダー ファイル\Obstacle</Filter>
    </ClInclude>
    <ClInclude Include="Stage.h">
      <Filter>ソース ファイル\ヘッダー ファイル\Stage</Filter>
    </ClInclude>
    <ClInclude Include="Stage1.h">
      <Filter>ソース ファイル\ヘッダー ファイル\Stage</Filter>
    </ClInclude>
    <ClInclude Include="Timer.h">
      <Filter>ソース ファイル\ヘッダー ファイル\Utilitys</Filter>
    </ClInclude>
    <ClInclude Include="PopUpWindowBase.h">
      <Filter>ソース ファイル\ヘッダー ファイル\PopUpWindow</Filter>
    </ClInclude>
    <ClInclude Include="GameQuitWindow.h">
      <Filter>ソース ファイル\ヘッダー ファイル\PopUpWindow</Filter>
    </ClInclude>
    <ClInclude Include="ObstacleManager.h">
      <Filter>ソース ファイル\ヘッダー ファイル\Manager</Filter>
    </ClInclude>
    <ClInclude Include="PoseWindow.h">
      <Filter>ソース ファイル\ヘッダー ファイル\PopUpWindow</Filter>
    </ClInclude>
    <ClInclude Include="RetryWindow.h">
      <Filter>ソース ファイル\ヘッダー ファイル\PopUpWindow</Filter>
    </ClInclude>
    <ClInclude Include="BackToTitleWindow.h">
      <Filter>ソース ファイル\ヘッダー ファイル\PopUpWindow</Filter>
    </ClInclude>
    <ClInclude Include="CauseOfDeathWindow.h">
      <Filter>ソース ファイル\ヘッダー ファイル\PopUpWindow</Filter>
    </ClInclude>
    <ClInclude Include="TrophyWindow.h">
      <Filter>ソース ファイル\ヘッダー ファイル\PopUpWindow</Filter>
    </ClInclude>
    <ClInclude Include="ResultWindow.h">
      <Filter>ソース ファイル\ヘッダー ファイル\PopUpWindow</Filter>
    </ClInclude>
    <ClInclude Include="ContinueWindow.h">
      <Filter>ソース ファイル\ヘッダー ファイル\PopUpWindow</Filter>
    </ClInclude>
    <ClInclude Include="CheckCauseOfDeathWindow.h">
      <Filter>ソース ファイル\ヘッダー ファイル\PopUpWindow</Filter>
    </ClInclude>
    <ClInclude Include="FoodCrab.h">
      <Filter>ソース ファイル\ヘッダー ファイル\Obstacle\Food</Filter>
    </ClInclude>
    <ClInclude Include="FoodFish.h">
      <Filter>ソース ファイル\ヘッダー ファイル\Obstacle\Food</Filter>
    </ClInclude>
    <ClInclude Include="FoodShrimp.h">
      <Filter>ソース ファイル\ヘッダー ファイル\Obstacle\Food</Filter>
    </ClInclude>
    <ClInclude Include="ObstacleBase.h">
      <Filter>ソース ファイル\ヘッダー ファイル\Obstacle</Filter>
    </ClInclude>
    <ClInclude Include="Bubble.h">
      <Filter>ソース ファイル\ヘッダー ファイル\Obstacle</Filter>
    </ClInclude>
    <ClInclude Include="Garbage.h">
      <Filter>ソース ファイル\ヘッダー ファイル\Obstacle</Filter>
    </ClInclude>
    <ClInclude Include="Turtle.h">
      <Filter>ソース ファイル\ヘッダー ファイル\Obstacle</Filter>
    </ClInclude>
    <ClInclude Include="Ui.h">
      <Filter>ソース ファイル\ヘッダー ファイル\UI</Filter>
    </ClInclude>
  </ItemGroup>
  <ItemGroup>
    <ResourceCompile Include="Version.rc">
      <Filter>リソース ファイル</Filter>
    </ResourceCompile>
  </ItemGroup>
  <ItemGroup>
    <Image Include="icon1.ico">
      <Filter>リソース ファイル</Filter>
    </Image>
  </ItemGroup>
</Project>